// !$*UTF8*$!
{
	archiveVersion = 1;
	classes = {
	};
	objectVersion = 46;
	objects = {

/* Begin PBXBuildFile section */
		3267FD05196B4D83003060FC /* person icon-512.png in Resources */ = {isa = PBXBuildFile; fileRef = 3267FD04196B4D83003060FC /* person icon-512.png */; };
		3267FD07196B4F50003060FC /* person icon-44.png in Resources */ = {isa = PBXBuildFile; fileRef = 3267FD06196B4F50003060FC /* person icon-44.png */; };
		3267FD09196BADC2003060FC /* Instagram Logo.png in Resources */ = {isa = PBXBuildFile; fileRef = 3267FD08196BADC2003060FC /* Instagram Logo.png */; };
		3267FD0B196C87C6003060FC /* person icon-44b.png in Resources */ = {isa = PBXBuildFile; fileRef = 3267FD0A196C87C6003060FC /* person icon-44b.png */; };
		326EC0A81963356F00087EBD /* Foundation.framework in Frameworks */ = {isa = PBXBuildFile; fileRef = 326EC0A71963356F00087EBD /* Foundation.framework */; };
		326EC0AA1963356F00087EBD /* CoreGraphics.framework in Frameworks */ = {isa = PBXBuildFile; fileRef = 326EC0A91963356F00087EBD /* CoreGraphics.framework */; };
		326EC0AC1963356F00087EBD /* UIKit.framework in Frameworks */ = {isa = PBXBuildFile; fileRef = 326EC0AB1963356F00087EBD /* UIKit.framework */; };
		326EC0B21963356F00087EBD /* InfoPlist.strings in Resources */ = {isa = PBXBuildFile; fileRef = 326EC0B01963356F00087EBD /* InfoPlist.strings */; };
		326EC0B41963356F00087EBD /* main.m in Sources */ = {isa = PBXBuildFile; fileRef = 326EC0B31963356F00087EBD /* main.m */; };
		326EC0B81963356F00087EBD /* AppDelegate.m in Sources */ = {isa = PBXBuildFile; fileRef = 326EC0B71963356F00087EBD /* AppDelegate.m */; };
		326EC0BB1963357000087EBD /* Main_iPhone.storyboard in Resources */ = {isa = PBXBuildFile; fileRef = 326EC0B91963357000087EBD /* Main_iPhone.storyboard */; };
		326EC0BE1963357000087EBD /* Main_iPad.storyboard in Resources */ = {isa = PBXBuildFile; fileRef = 326EC0BC1963357000087EBD /* Main_iPad.storyboard */; };
		326EC0C11963357000087EBD /* MasterFeedController.m in Sources */ = {isa = PBXBuildFile; fileRef = 326EC0C01963357000087EBD /* MasterFeedController.m */; };
		326EC0C41963357000087EBD /* YogiViewController.m in Sources */ = {isa = PBXBuildFile; fileRef = 326EC0C31963357000087EBD /* YogiViewController.m */; };
		326EC0C61963357000087EBD /* Images.xcassets in Resources */ = {isa = PBXBuildFile; fileRef = 326EC0C51963357000087EBD /* Images.xcassets */; };
		326EC0CD1963357000087EBD /* XCTest.framework in Frameworks */ = {isa = PBXBuildFile; fileRef = 326EC0CC1963357000087EBD /* XCTest.framework */; };
		326EC0CE1963357000087EBD /* Foundation.framework in Frameworks */ = {isa = PBXBuildFile; fileRef = 326EC0A71963356F00087EBD /* Foundation.framework */; };
		326EC0CF1963357000087EBD /* UIKit.framework in Frameworks */ = {isa = PBXBuildFile; fileRef = 326EC0AB1963356F00087EBD /* UIKit.framework */; };
		326EC0D71963357000087EBD /* InfoPlist.strings in Resources */ = {isa = PBXBuildFile; fileRef = 326EC0D51963357000087EBD /* InfoPlist.strings */; };
		326EC0D91963357000087EBD /* Find_My_YogiTests.m in Sources */ = {isa = PBXBuildFile; fileRef = 326EC0D81963357000087EBD /* Find_My_YogiTests.m */; };
		326EC0E319634E3000087EBD /* Jeff.jpg in Resources */ = {isa = PBXBuildFile; fileRef = 326EC0E219634E3000087EBD /* Jeff.jpg */; };
		326EC0E61963645300087EBD /* Tools.m in Sources */ = {isa = PBXBuildFile; fileRef = 326EC0E51963645300087EBD /* Tools.m */; };
		326EC0E91963712F00087EBD /* UserFeedCell.m in Sources */ = {isa = PBXBuildFile; fileRef = 326EC0E81963712F00087EBD /* UserFeedCell.m */; };
		326EC0EB196379F100087EBD /* thumbs_up.png in Resources */ = {isa = PBXBuildFile; fileRef = 326EC0EA196379F100087EBD /* thumbs_up.png */; };
		326EC0EE19661DD300087EBD /* UserFeedItem.m in Sources */ = {isa = PBXBuildFile; fileRef = 326EC0ED19661DD300087EBD /* UserFeedItem.m */; };
		326EC0F3196759F200087EBD /* Lizzie.jpg in Resources */ = {isa = PBXBuildFile; fileRef = 326EC0F0196759F200087EBD /* Lizzie.jpg */; };
		326EC0F4196759F200087EBD /* Joaquin.jpg in Resources */ = {isa = PBXBuildFile; fileRef = 326EC0F1196759F200087EBD /* Joaquin.jpg */; };
		326EC0F5196759F200087EBD /* Jeff_FB.jpg in Resources */ = {isa = PBXBuildFile; fileRef = 326EC0F2196759F200087EBD /* Jeff_FB.jpg */; };
		32823349197206EE00717E9B /* PostsCell.m in Sources */ = {isa = PBXBuildFile; fileRef = 32823348197206EE00717E9B /* PostsCell.m */; };
		32DF00B71971C66100F116DE /* CalendarTableViewController.m in Sources */ = {isa = PBXBuildFile; fileRef = 32DF00B61971C66100F116DE /* CalendarTableViewController.m */; };
		4355FBF7196B11130059F0C7 /* AWSPersistenceDynamoDBIncrementalStore.m in Sources */ = {isa = PBXBuildFile; fileRef = 4355FBEC196B11130059F0C7 /* AWSPersistenceDynamoDBIncrementalStore.m */; };
		4355FBF8196B11130059F0C7 /* AmazonWIFKeyChainWrapper.m in Sources */ = {isa = PBXBuildFile; fileRef = 4355FBEE196B11130059F0C7 /* AmazonWIFKeyChainWrapper.m */; settings = {COMPILER_FLAGS = "-fno-objc-arc"; }; };
		4355FBF9196B11130059F0C7 /* AmazonAnonymousKeyChainWrapper.m in Sources */ = {isa = PBXBuildFile; fileRef = 4355FBF0196B11130059F0C7 /* AmazonAnonymousKeyChainWrapper.m */; };
		4355FBFA196B11130059F0C7 /* AmazonClientManager.m in Sources */ = {isa = PBXBuildFile; fileRef = 4355FBF2196B11130059F0C7 /* AmazonClientManager.m */; };
		4355FBFB196B11130059F0C7 /* Constants.m in Sources */ = {isa = PBXBuildFile; fileRef = 4355FBF4196B11130059F0C7 /* Constants.m */; };
		4355FBFC196B11130059F0C7 /* Utilities.m in Sources */ = {isa = PBXBuildFile; fileRef = 4355FBF6196B11130059F0C7 /* Utilities.m */; };
		4355FC14196B11260059F0C7 /* AmazonTVMClient.m in Sources */ = {isa = PBXBuildFile; fileRef = 4355FBFF196B11260059F0C7 /* AmazonTVMClient.m */; };
		4355FC15196B11260059F0C7 /* Crypto.m in Sources */ = {isa = PBXBuildFile; fileRef = 4355FC01196B11260059F0C7 /* Crypto.m */; };
		4355FC16196B11260059F0C7 /* GetTokenRequest.m in Sources */ = {isa = PBXBuildFile; fileRef = 4355FC03196B11260059F0C7 /* GetTokenRequest.m */; };
		4355FC17196B11260059F0C7 /* GetTokenResponse.m in Sources */ = {isa = PBXBuildFile; fileRef = 4355FC05196B11260059F0C7 /* GetTokenResponse.m */; };
		4355FC18196B11260059F0C7 /* GetTokenResponseHandler.m in Sources */ = {isa = PBXBuildFile; fileRef = 4355FC07196B11260059F0C7 /* GetTokenResponseHandler.m */; };
		4355FC19196B11260059F0C7 /* JSONUtilities.m in Sources */ = {isa = PBXBuildFile; fileRef = 4355FC09196B11260059F0C7 /* JSONUtilities.m */; };
		4355FC1A196B11260059F0C7 /* RegisterDeviceRequest.m in Sources */ = {isa = PBXBuildFile; fileRef = 4355FC0B196B11260059F0C7 /* RegisterDeviceRequest.m */; };
		4355FC1B196B11260059F0C7 /* Request.m in Sources */ = {isa = PBXBuildFile; fileRef = 4355FC0D196B11260059F0C7 /* Request.m */; };
		4355FC1C196B11260059F0C7 /* RequestDelegate.m in Sources */ = {isa = PBXBuildFile; fileRef = 4355FC0F196B11260059F0C7 /* RequestDelegate.m */; };
		4355FC1D196B11260059F0C7 /* Response.m in Sources */ = {isa = PBXBuildFile; fileRef = 4355FC11196B11260059F0C7 /* Response.m */; };
		4355FC1E196B11260059F0C7 /* ResponseHandler.m in Sources */ = {isa = PBXBuildFile; fileRef = 4355FC13196B11260059F0C7 /* ResponseHandler.m */; };
		4355FC22196B195A0059F0C7 /* Model.xcdatamodeld in Sources */ = {isa = PBXBuildFile; fileRef = 4355FC20196B195A0059F0C7 /* Model.xcdatamodeld */; };
		4355FC47196B32350059F0C7 /* CoreData.framework in Frameworks */ = {isa = PBXBuildFile; fileRef = 4355FC46196B32350059F0C7 /* CoreData.framework */; };
		4355FC4D196B36C20059F0C7 /* libsqlite3.0.dylib in Frameworks */ = {isa = PBXBuildFile; fileRef = 4355FC4C196B36C20059F0C7 /* libsqlite3.0.dylib */; };
		4372C2F519756FBA00D1E188 /* YogiOm.m in Sources */ = {isa = PBXBuildFile; fileRef = 4372C2F419756FBA00D1E188 /* YogiOm.m */; };
		4372C2F819756FBB00D1E188 /* YogiVenue.m in Sources */ = {isa = PBXBuildFile; fileRef = 4372C2F719756FBB00D1E188 /* YogiVenue.m */; };
		4372C2FB19756FBB00D1E188 /* YogiPost.m in Sources */ = {isa = PBXBuildFile; fileRef = 4372C2FA19756FBB00D1E188 /* YogiPost.m */; };
		4372C2FE19756FBB00D1E188 /* YogiEvent.m in Sources */ = {isa = PBXBuildFile; fileRef = 4372C2FD19756FBB00D1E188 /* YogiEvent.m */; };
		4372C30119756FBB00D1E188 /* YogiFollower.m in Sources */ = {isa = PBXBuildFile; fileRef = 4372C30019756FBB00D1E188 /* YogiFollower.m */; };
		4372C30419756FBB00D1E188 /* YogiUser.m in Sources */ = {isa = PBXBuildFile; fileRef = 4372C30319756FBB00D1E188 /* YogiUser.m */; };
		4372C30719756FBB00D1E188 /* YogiLocation.m in Sources */ = {isa = PBXBuildFile; fileRef = 4372C30619756FBB00D1E188 /* YogiLocation.m */; };
		43A0783E196D1CE200E56B57 /* FacebookSDK.framework in Frameworks */ = {isa = PBXBuildFile; fileRef = 43A0783D196D1CE200E56B57 /* FacebookSDK.framework */; };
		43A07840196D1CF000E56B57 /* AdSupport.framework in Frameworks */ = {isa = PBXBuildFile; fileRef = 43A0783F196D1CF000E56B57 /* AdSupport.framework */; };
		43A07843196E4C3000E56B57 /* DataManager.m in Sources */ = {isa = PBXBuildFile; fileRef = 43A07842196E4C3000E56B57 /* DataManager.m */; };
		43A07870196E5A5100E56B57 /* YogiVenues.m in Sources */ = {isa = PBXBuildFile; fileRef = 43A0786F196E5A5100E56B57 /* YogiVenues.m */; };
		43ADD597196CF7CD00176A49 /* AWSDynamoDB.framework in Frameworks */ = {isa = PBXBuildFile; fileRef = 43ADD593196CF7CD00176A49 /* AWSDynamoDB.framework */; };
		43ADD598196CF7CD00176A49 /* AWSPersistence.framework in Frameworks */ = {isa = PBXBuildFile; fileRef = 43ADD594196CF7CD00176A49 /* AWSPersistence.framework */; };
		43ADD599196CF7CD00176A49 /* AWSRuntime.framework in Frameworks */ = {isa = PBXBuildFile; fileRef = 43ADD595196CF7CD00176A49 /* AWSRuntime.framework */; };
		43ADD59A196CF7CD00176A49 /* AWSSecurityTokenService.framework in Frameworks */ = {isa = PBXBuildFile; fileRef = 43ADD596196CF7CD00176A49 /* AWSSecurityTokenService.framework */; };
		43ADD5A4196D072C00176A49 /* SigninViewController.m in Sources */ = {isa = PBXBuildFile; fileRef = 43ADD5A3196D072C00176A49 /* SigninViewController.m */; };
/* End PBXBuildFile section */

/* Begin PBXContainerItemProxy section */
		326EC0D01963357000087EBD /* PBXContainerItemProxy */ = {
			isa = PBXContainerItemProxy;
			containerPortal = 326EC09C1963356F00087EBD /* Project object */;
			proxyType = 1;
			remoteGlobalIDString = 326EC0A31963356F00087EBD;
			remoteInfo = "Find My Yogi";
		};
/* End PBXContainerItemProxy section */

/* Begin PBXFileReference section */
		3267FD04196B4D83003060FC /* person icon-512.png */ = {isa = PBXFileReference; lastKnownFileType = image.png; path = "person icon-512.png"; sourceTree = "<group>"; };
		3267FD06196B4F50003060FC /* person icon-44.png */ = {isa = PBXFileReference; lastKnownFileType = image.png; path = "person icon-44.png"; sourceTree = "<group>"; };
		3267FD08196BADC2003060FC /* Instagram Logo.png */ = {isa = PBXFileReference; lastKnownFileType = image.png; path = "Instagram Logo.png"; sourceTree = "<group>"; };
		3267FD0A196C87C6003060FC /* person icon-44b.png */ = {isa = PBXFileReference; lastKnownFileType = image.png; path = "person icon-44b.png"; sourceTree = "<group>"; };
		326EC0A41963356F00087EBD /* Find My Yogi.app */ = {isa = PBXFileReference; explicitFileType = wrapper.application; includeInIndex = 0; path = "Find My Yogi.app"; sourceTree = BUILT_PRODUCTS_DIR; };
		326EC0A71963356F00087EBD /* Foundation.framework */ = {isa = PBXFileReference; lastKnownFileType = wrapper.framework; name = Foundation.framework; path = System/Library/Frameworks/Foundation.framework; sourceTree = SDKROOT; };
		326EC0A91963356F00087EBD /* CoreGraphics.framework */ = {isa = PBXFileReference; lastKnownFileType = wrapper.framework; name = CoreGraphics.framework; path = System/Library/Frameworks/CoreGraphics.framework; sourceTree = SDKROOT; };
		326EC0AB1963356F00087EBD /* UIKit.framework */ = {isa = PBXFileReference; lastKnownFileType = wrapper.framework; name = UIKit.framework; path = System/Library/Frameworks/UIKit.framework; sourceTree = SDKROOT; };
		326EC0AF1963356F00087EBD /* Find My Yogi-Info.plist */ = {isa = PBXFileReference; lastKnownFileType = text.plist.xml; path = "Find My Yogi-Info.plist"; sourceTree = "<group>"; };
		326EC0B11963356F00087EBD /* en */ = {isa = PBXFileReference; lastKnownFileType = text.plist.strings; name = en; path = en.lproj/InfoPlist.strings; sourceTree = "<group>"; };
		326EC0B31963356F00087EBD /* main.m */ = {isa = PBXFileReference; lastKnownFileType = sourcecode.c.objc; path = main.m; sourceTree = "<group>"; };
		326EC0B51963356F00087EBD /* Find My Yogi-Prefix.pch */ = {isa = PBXFileReference; lastKnownFileType = sourcecode.c.h; path = "Find My Yogi-Prefix.pch"; sourceTree = "<group>"; };
		326EC0B61963356F00087EBD /* AppDelegate.h */ = {isa = PBXFileReference; lastKnownFileType = sourcecode.c.h; path = AppDelegate.h; sourceTree = "<group>"; };
		326EC0B71963356F00087EBD /* AppDelegate.m */ = {isa = PBXFileReference; lastKnownFileType = sourcecode.c.objc; path = AppDelegate.m; sourceTree = "<group>"; };
		326EC0BA1963357000087EBD /* Base */ = {isa = PBXFileReference; lastKnownFileType = file.storyboard; name = Base; path = Base.lproj/Main_iPhone.storyboard; sourceTree = "<group>"; };
		326EC0BD1963357000087EBD /* Base */ = {isa = PBXFileReference; lastKnownFileType = file.storyboard; name = Base; path = Base.lproj/Main_iPad.storyboard; sourceTree = "<group>"; };
		326EC0BF1963357000087EBD /* MasterFeedController.h */ = {isa = PBXFileReference; lastKnownFileType = sourcecode.c.h; path = MasterFeedController.h; sourceTree = "<group>"; };
		326EC0C01963357000087EBD /* MasterFeedController.m */ = {isa = PBXFileReference; lastKnownFileType = sourcecode.c.objc; path = MasterFeedController.m; sourceTree = "<group>"; };
		326EC0C21963357000087EBD /* YogiViewController.h */ = {isa = PBXFileReference; lastKnownFileType = sourcecode.c.h; path = YogiViewController.h; sourceTree = "<group>"; };
		326EC0C31963357000087EBD /* YogiViewController.m */ = {isa = PBXFileReference; lastKnownFileType = sourcecode.c.objc; path = YogiViewController.m; sourceTree = "<group>"; };
		326EC0C51963357000087EBD /* Images.xcassets */ = {isa = PBXFileReference; lastKnownFileType = folder.assetcatalog; path = Images.xcassets; sourceTree = "<group>"; };
		326EC0CB1963357000087EBD /* Find My YogiTests.xctest */ = {isa = PBXFileReference; explicitFileType = wrapper.cfbundle; includeInIndex = 0; path = "Find My YogiTests.xctest"; sourceTree = BUILT_PRODUCTS_DIR; };
		326EC0CC1963357000087EBD /* XCTest.framework */ = {isa = PBXFileReference; lastKnownFileType = wrapper.framework; name = XCTest.framework; path = Library/Frameworks/XCTest.framework; sourceTree = DEVELOPER_DIR; };
		326EC0D41963357000087EBD /* Find My YogiTests-Info.plist */ = {isa = PBXFileReference; lastKnownFileType = text.plist.xml; path = "Find My YogiTests-Info.plist"; sourceTree = "<group>"; };
		326EC0D61963357000087EBD /* en */ = {isa = PBXFileReference; lastKnownFileType = text.plist.strings; name = en; path = en.lproj/InfoPlist.strings; sourceTree = "<group>"; };
		326EC0D81963357000087EBD /* Find_My_YogiTests.m */ = {isa = PBXFileReference; lastKnownFileType = sourcecode.c.objc; path = Find_My_YogiTests.m; sourceTree = "<group>"; };
		326EC0E219634E3000087EBD /* Jeff.jpg */ = {isa = PBXFileReference; lastKnownFileType = image.jpeg; path = Jeff.jpg; sourceTree = "<group>"; };
		326EC0E41963645300087EBD /* Tools.h */ = {isa = PBXFileReference; fileEncoding = 4; lastKnownFileType = sourcecode.c.h; path = Tools.h; sourceTree = "<group>"; };
		326EC0E51963645300087EBD /* Tools.m */ = {isa = PBXFileReference; fileEncoding = 4; lastKnownFileType = sourcecode.c.objc; path = Tools.m; sourceTree = "<group>"; };
		326EC0E71963712F00087EBD /* UserFeedCell.h */ = {isa = PBXFileReference; fileEncoding = 4; lastKnownFileType = sourcecode.c.h; path = UserFeedCell.h; sourceTree = "<group>"; };
		326EC0E81963712F00087EBD /* UserFeedCell.m */ = {isa = PBXFileReference; fileEncoding = 4; lastKnownFileType = sourcecode.c.objc; path = UserFeedCell.m; sourceTree = "<group>"; };
		326EC0EA196379F100087EBD /* thumbs_up.png */ = {isa = PBXFileReference; lastKnownFileType = image.png; path = thumbs_up.png; sourceTree = "<group>"; };
		326EC0EC19661DD300087EBD /* UserFeedItem.h */ = {isa = PBXFileReference; fileEncoding = 4; lastKnownFileType = sourcecode.c.h; path = UserFeedItem.h; sourceTree = "<group>"; };
		326EC0ED19661DD300087EBD /* UserFeedItem.m */ = {isa = PBXFileReference; fileEncoding = 4; lastKnownFileType = sourcecode.c.objc; path = UserFeedItem.m; sourceTree = "<group>"; };
		326EC0F0196759F200087EBD /* Lizzie.jpg */ = {isa = PBXFileReference; lastKnownFileType = image.jpeg; path = Lizzie.jpg; sourceTree = "<group>"; };
		326EC0F1196759F200087EBD /* Joaquin.jpg */ = {isa = PBXFileReference; lastKnownFileType = image.jpeg; path = Joaquin.jpg; sourceTree = "<group>"; };
		326EC0F2196759F200087EBD /* Jeff_FB.jpg */ = {isa = PBXFileReference; lastKnownFileType = image.jpeg; path = Jeff_FB.jpg; sourceTree = "<group>"; };
		32823347197206EE00717E9B /* PostsCell.h */ = {isa = PBXFileReference; fileEncoding = 4; lastKnownFileType = sourcecode.c.h; name = PostsCell.h; path = ../PostsCell.h; sourceTree = "<group>"; };
		32823348197206EE00717E9B /* PostsCell.m */ = {isa = PBXFileReference; fileEncoding = 4; lastKnownFileType = sourcecode.c.objc; name = PostsCell.m; path = ../PostsCell.m; sourceTree = "<group>"; };
		32DF00B51971C66100F116DE /* CalendarTableViewController.h */ = {isa = PBXFileReference; fileEncoding = 4; lastKnownFileType = sourcecode.c.h; path = CalendarTableViewController.h; sourceTree = "<group>"; };
		32DF00B61971C66100F116DE /* CalendarTableViewController.m */ = {isa = PBXFileReference; fileEncoding = 4; lastKnownFileType = sourcecode.c.objc; path = CalendarTableViewController.m; sourceTree = "<group>"; };
		4355FBEB196B11130059F0C7 /* AWSPersistenceDynamoDBIncrementalStore.h */ = {isa = PBXFileReference; fileEncoding = 4; lastKnownFileType = sourcecode.c.h; path = AWSPersistenceDynamoDBIncrementalStore.h; sourceTree = "<group>"; };
		4355FBEC196B11130059F0C7 /* AWSPersistenceDynamoDBIncrementalStore.m */ = {isa = PBXFileReference; fileEncoding = 4; lastKnownFileType = sourcecode.c.objc; path = AWSPersistenceDynamoDBIncrementalStore.m; sourceTree = "<group>"; };
		4355FBED196B11130059F0C7 /* AmazonWIFKeyChainWrapper.h */ = {isa = PBXFileReference; fileEncoding = 4; lastKnownFileType = sourcecode.c.h; path = AmazonWIFKeyChainWrapper.h; sourceTree = "<group>"; };
		4355FBEE196B11130059F0C7 /* AmazonWIFKeyChainWrapper.m */ = {isa = PBXFileReference; fileEncoding = 4; lastKnownFileType = sourcecode.c.objc; path = AmazonWIFKeyChainWrapper.m; sourceTree = "<group>"; };
		4355FBEF196B11130059F0C7 /* AmazonAnonymousKeyChainWrapper.h */ = {isa = PBXFileReference; fileEncoding = 4; lastKnownFileType = sourcecode.c.h; path = AmazonAnonymousKeyChainWrapper.h; sourceTree = "<group>"; };
		4355FBF0196B11130059F0C7 /* AmazonAnonymousKeyChainWrapper.m */ = {isa = PBXFileReference; fileEncoding = 4; lastKnownFileType = sourcecode.c.objc; path = AmazonAnonymousKeyChainWrapper.m; sourceTree = "<group>"; };
		4355FBF1196B11130059F0C7 /* AmazonClientManager.h */ = {isa = PBXFileReference; fileEncoding = 4; lastKnownFileType = sourcecode.c.h; path = AmazonClientManager.h; sourceTree = "<group>"; };
		4355FBF2196B11130059F0C7 /* AmazonClientManager.m */ = {isa = PBXFileReference; fileEncoding = 4; lastKnownFileType = sourcecode.c.objc; path = AmazonClientManager.m; sourceTree = "<group>"; };
		4355FBF3196B11130059F0C7 /* Constants.h */ = {isa = PBXFileReference; fileEncoding = 4; lastKnownFileType = sourcecode.c.h; path = Constants.h; sourceTree = "<group>"; };
		4355FBF4196B11130059F0C7 /* Constants.m */ = {isa = PBXFileReference; fileEncoding = 4; lastKnownFileType = sourcecode.c.objc; path = Constants.m; sourceTree = "<group>"; };
		4355FBF5196B11130059F0C7 /* Utilities.h */ = {isa = PBXFileReference; fileEncoding = 4; lastKnownFileType = sourcecode.c.h; path = Utilities.h; sourceTree = "<group>"; };
		4355FBF6196B11130059F0C7 /* Utilities.m */ = {isa = PBXFileReference; fileEncoding = 4; lastKnownFileType = sourcecode.c.objc; path = Utilities.m; sourceTree = "<group>"; };
		4355FBFE196B11260059F0C7 /* AmazonTVMClient.h */ = {isa = PBXFileReference; fileEncoding = 4; lastKnownFileType = sourcecode.c.h; path = AmazonTVMClient.h; sourceTree = "<group>"; };
		4355FBFF196B11260059F0C7 /* AmazonTVMClient.m */ = {isa = PBXFileReference; fileEncoding = 4; lastKnownFileType = sourcecode.c.objc; path = AmazonTVMClient.m; sourceTree = "<group>"; };
		4355FC00196B11260059F0C7 /* Crypto.h */ = {isa = PBXFileReference; fileEncoding = 4; lastKnownFileType = sourcecode.c.h; path = Crypto.h; sourceTree = "<group>"; };
		4355FC01196B11260059F0C7 /* Crypto.m */ = {isa = PBXFileReference; fileEncoding = 4; lastKnownFileType = sourcecode.c.objc; path = Crypto.m; sourceTree = "<group>"; };
		4355FC02196B11260059F0C7 /* GetTokenRequest.h */ = {isa = PBXFileReference; fileEncoding = 4; lastKnownFileType = sourcecode.c.h; path = GetTokenRequest.h; sourceTree = "<group>"; };
		4355FC03196B11260059F0C7 /* GetTokenRequest.m */ = {isa = PBXFileReference; fileEncoding = 4; lastKnownFileType = sourcecode.c.objc; path = GetTokenRequest.m; sourceTree = "<group>"; };
		4355FC04196B11260059F0C7 /* GetTokenResponse.h */ = {isa = PBXFileReference; fileEncoding = 4; lastKnownFileType = sourcecode.c.h; path = GetTokenResponse.h; sourceTree = "<group>"; };
		4355FC05196B11260059F0C7 /* GetTokenResponse.m */ = {isa = PBXFileReference; fileEncoding = 4; lastKnownFileType = sourcecode.c.objc; path = GetTokenResponse.m; sourceTree = "<group>"; };
		4355FC06196B11260059F0C7 /* GetTokenResponseHandler.h */ = {isa = PBXFileReference; fileEncoding = 4; lastKnownFileType = sourcecode.c.h; path = GetTokenResponseHandler.h; sourceTree = "<group>"; };
		4355FC07196B11260059F0C7 /* GetTokenResponseHandler.m */ = {isa = PBXFileReference; fileEncoding = 4; lastKnownFileType = sourcecode.c.objc; path = GetTokenResponseHandler.m; sourceTree = "<group>"; };
		4355FC08196B11260059F0C7 /* JSONUtilities.h */ = {isa = PBXFileReference; fileEncoding = 4; lastKnownFileType = sourcecode.c.h; path = JSONUtilities.h; sourceTree = "<group>"; };
		4355FC09196B11260059F0C7 /* JSONUtilities.m */ = {isa = PBXFileReference; fileEncoding = 4; lastKnownFileType = sourcecode.c.objc; path = JSONUtilities.m; sourceTree = "<group>"; };
		4355FC0A196B11260059F0C7 /* RegisterDeviceRequest.h */ = {isa = PBXFileReference; fileEncoding = 4; lastKnownFileType = sourcecode.c.h; path = RegisterDeviceRequest.h; sourceTree = "<group>"; };
		4355FC0B196B11260059F0C7 /* RegisterDeviceRequest.m */ = {isa = PBXFileReference; fileEncoding = 4; lastKnownFileType = sourcecode.c.objc; path = RegisterDeviceRequest.m; sourceTree = "<group>"; };
		4355FC0C196B11260059F0C7 /* Request.h */ = {isa = PBXFileReference; fileEncoding = 4; lastKnownFileType = sourcecode.c.h; path = Request.h; sourceTree = "<group>"; };
		4355FC0D196B11260059F0C7 /* Request.m */ = {isa = PBXFileReference; fileEncoding = 4; lastKnownFileType = sourcecode.c.objc; path = Request.m; sourceTree = "<group>"; };
		4355FC0E196B11260059F0C7 /* RequestDelegate.h */ = {isa = PBXFileReference; fileEncoding = 4; lastKnownFileType = sourcecode.c.h; path = RequestDelegate.h; sourceTree = "<group>"; };
		4355FC0F196B11260059F0C7 /* RequestDelegate.m */ = {isa = PBXFileReference; fileEncoding = 4; lastKnownFileType = sourcecode.c.objc; path = RequestDelegate.m; sourceTree = "<group>"; };
		4355FC10196B11260059F0C7 /* Response.h */ = {isa = PBXFileReference; fileEncoding = 4; lastKnownFileType = sourcecode.c.h; path = Response.h; sourceTree = "<group>"; };
		4355FC11196B11260059F0C7 /* Response.m */ = {isa = PBXFileReference; fileEncoding = 4; lastKnownFileType = sourcecode.c.objc; path = Response.m; sourceTree = "<group>"; };
		4355FC12196B11260059F0C7 /* ResponseHandler.h */ = {isa = PBXFileReference; fileEncoding = 4; lastKnownFileType = sourcecode.c.h; path = ResponseHandler.h; sourceTree = "<group>"; };
		4355FC13196B11260059F0C7 /* ResponseHandler.m */ = {isa = PBXFileReference; fileEncoding = 4; lastKnownFileType = sourcecode.c.objc; path = ResponseHandler.m; sourceTree = "<group>"; };
		4355FC21196B195A0059F0C7 /* Model.xcdatamodel */ = {isa = PBXFileReference; lastKnownFileType = wrapper.xcdatamodel; path = Model.xcdatamodel; sourceTree = "<group>"; };
		4355FC46196B32350059F0C7 /* CoreData.framework */ = {isa = PBXFileReference; lastKnownFileType = wrapper.framework; name = CoreData.framework; path = System/Library/Frameworks/CoreData.framework; sourceTree = SDKROOT; };
		4355FC4C196B36C20059F0C7 /* libsqlite3.0.dylib */ = {isa = PBXFileReference; lastKnownFileType = "compiled.mach-o.dylib"; name = libsqlite3.0.dylib; path = usr/lib/libsqlite3.0.dylib; sourceTree = SDKROOT; };
		4372C2F319756FBA00D1E188 /* YogiOm.h */ = {isa = PBXFileReference; fileEncoding = 4; lastKnownFileType = sourcecode.c.h; path = YogiOm.h; sourceTree = "<group>"; };
		4372C2F419756FBA00D1E188 /* YogiOm.m */ = {isa = PBXFileReference; fileEncoding = 4; lastKnownFileType = sourcecode.c.objc; path = YogiOm.m; sourceTree = "<group>"; };
		4372C2F619756FBB00D1E188 /* YogiVenue.h */ = {isa = PBXFileReference; fileEncoding = 4; lastKnownFileType = sourcecode.c.h; path = YogiVenue.h; sourceTree = "<group>"; };
		4372C2F719756FBB00D1E188 /* YogiVenue.m */ = {isa = PBXFileReference; fileEncoding = 4; lastKnownFileType = sourcecode.c.objc; path = YogiVenue.m; sourceTree = "<group>"; };
		4372C2F919756FBB00D1E188 /* YogiPost.h */ = {isa = PBXFileReference; fileEncoding = 4; lastKnownFileType = sourcecode.c.h; path = YogiPost.h; sourceTree = "<group>"; };
		4372C2FA19756FBB00D1E188 /* YogiPost.m */ = {isa = PBXFileReference; fileEncoding = 4; lastKnownFileType = sourcecode.c.objc; path = YogiPost.m; sourceTree = "<group>"; };
		4372C2FC19756FBB00D1E188 /* YogiEvent.h */ = {isa = PBXFileReference; fileEncoding = 4; lastKnownFileType = sourcecode.c.h; path = YogiEvent.h; sourceTree = "<group>"; };
		4372C2FD19756FBB00D1E188 /* YogiEvent.m */ = {isa = PBXFileReference; fileEncoding = 4; lastKnownFileType = sourcecode.c.objc; path = YogiEvent.m; sourceTree = "<group>"; };
		4372C2FF19756FBB00D1E188 /* YogiFollower.h */ = {isa = PBXFileReference; fileEncoding = 4; lastKnownFileType = sourcecode.c.h; path = YogiFollower.h; sourceTree = "<group>"; };
		4372C30019756FBB00D1E188 /* YogiFollower.m */ = {isa = PBXFileReference; fileEncoding = 4; lastKnownFileType = sourcecode.c.objc; path = YogiFollower.m; sourceTree = "<group>"; };
		4372C30219756FBB00D1E188 /* YogiUser.h */ = {isa = PBXFileReference; fileEncoding = 4; lastKnownFileType = sourcecode.c.h; path = YogiUser.h; sourceTree = "<group>"; };
		4372C30319756FBB00D1E188 /* YogiUser.m */ = {isa = PBXFileReference; fileEncoding = 4; lastKnownFileType = sourcecode.c.objc; path = YogiUser.m; sourceTree = "<group>"; };
		4372C30519756FBB00D1E188 /* YogiLocation.h */ = {isa = PBXFileReference; fileEncoding = 4; lastKnownFileType = sourcecode.c.h; path = YogiLocation.h; sourceTree = "<group>"; };
		4372C30619756FBB00D1E188 /* YogiLocation.m */ = {isa = PBXFileReference; fileEncoding = 4; lastKnownFileType = sourcecode.c.objc; path = YogiLocation.m; sourceTree = "<group>"; };
		43A0783D196D1CE200E56B57 /* FacebookSDK.framework */ = {isa = PBXFileReference; lastKnownFileType = wrapper.framework; path = FacebookSDK.framework; sourceTree = "<group>"; };
		43A0783F196D1CF000E56B57 /* AdSupport.framework */ = {isa = PBXFileReference; lastKnownFileType = wrapper.framework; name = AdSupport.framework; path = System/Library/Frameworks/AdSupport.framework; sourceTree = SDKROOT; };
		43A07841196E4C3000E56B57 /* DataManager.h */ = {isa = PBXFileReference; fileEncoding = 4; lastKnownFileType = sourcecode.c.h; path = DataManager.h; sourceTree = "<group>"; };
		43A07842196E4C3000E56B57 /* DataManager.m */ = {isa = PBXFileReference; fileEncoding = 4; lastKnownFileType = sourcecode.c.objc; path = DataManager.m; sourceTree = "<group>"; };
		43A0786E196E5A5100E56B57 /* YogiVenues.h */ = {isa = PBXFileReference; fileEncoding = 4; lastKnownFileType = sourcecode.c.h; path = YogiVenues.h; sourceTree = "<group>"; };
		43A0786F196E5A5100E56B57 /* YogiVenues.m */ = {isa = PBXFileReference; fileEncoding = 4; lastKnownFileType = sourcecode.c.objc; path = YogiVenues.m; sourceTree = "<group>"; };
		43ADD593196CF7CD00176A49 /* AWSDynamoDB.framework */ = {isa = PBXFileReference; lastKnownFileType = wrapper.framework; path = AWSDynamoDB.framework; sourceTree = "<group>"; };
		43ADD594196CF7CD00176A49 /* AWSPersistence.framework */ = {isa = PBXFileReference; lastKnownFileType = wrapper.framework; path = AWSPersistence.framework; sourceTree = "<group>"; };
		43ADD595196CF7CD00176A49 /* AWSRuntime.framework */ = {isa = PBXFileReference; lastKnownFileType = wrapper.framework; path = AWSRuntime.framework; sourceTree = "<group>"; };
		43ADD596196CF7CD00176A49 /* AWSSecurityTokenService.framework */ = {isa = PBXFileReference; lastKnownFileType = wrapper.framework; path = AWSSecurityTokenService.framework; sourceTree = "<group>"; };
		43ADD5A2196D072C00176A49 /* SigninViewController.h */ = {isa = PBXFileReference; fileEncoding = 4; lastKnownFileType = sourcecode.c.h; path = SigninViewController.h; sourceTree = "<group>"; };
		43ADD5A3196D072C00176A49 /* SigninViewController.m */ = {isa = PBXFileReference; fileEncoding = 4; lastKnownFileType = sourcecode.c.objc; path = SigninViewController.m; sourceTree = "<group>"; };
/* End PBXFileReference section */

/* Begin PBXFrameworksBuildPhase section */
		326EC0A11963356F00087EBD /* Frameworks */ = {
			isa = PBXFrameworksBuildPhase;
			buildActionMask = 2147483647;
			files = (
				43A07840196D1CF000E56B57 /* AdSupport.framework in Frameworks */,
				4355FC4D196B36C20059F0C7 /* libsqlite3.0.dylib in Frameworks */,
				43A0783E196D1CE200E56B57 /* FacebookSDK.framework in Frameworks */,
				4355FC47196B32350059F0C7 /* CoreData.framework in Frameworks */,
				43ADD599196CF7CD00176A49 /* AWSRuntime.framework in Frameworks */,
				43ADD59A196CF7CD00176A49 /* AWSSecurityTokenService.framework in Frameworks */,
				326EC0AA1963356F00087EBD /* CoreGraphics.framework in Frameworks */,
				43ADD598196CF7CD00176A49 /* AWSPersistence.framework in Frameworks */,
				326EC0AC1963356F00087EBD /* UIKit.framework in Frameworks */,
				43ADD597196CF7CD00176A49 /* AWSDynamoDB.framework in Frameworks */,
				326EC0A81963356F00087EBD /* Foundation.framework in Frameworks */,
			);
			runOnlyForDeploymentPostprocessing = 0;
		};
		326EC0C81963357000087EBD /* Frameworks */ = {
			isa = PBXFrameworksBuildPhase;
			buildActionMask = 2147483647;
			files = (
				326EC0CD1963357000087EBD /* XCTest.framework in Frameworks */,
				326EC0CF1963357000087EBD /* UIKit.framework in Frameworks */,
				326EC0CE1963357000087EBD /* Foundation.framework in Frameworks */,
			);
			runOnlyForDeploymentPostprocessing = 0;
		};
/* End PBXFrameworksBuildPhase section */

/* Begin PBXGroup section */
		326EC09B1963356F00087EBD = {
			isa = PBXGroup;
			children = (
				326EC0AD1963356F00087EBD /* Find My Yogi */,
				4355FC1F196B19200059F0C7 /* CoreData */,
				4355FBEA196B10FA0059F0C7 /* AWS Store */,
				326EC0D21963357000087EBD /* Find My YogiTests */,
				326EC0A61963356F00087EBD /* Frameworks */,
				326EC0A51963356F00087EBD /* Products */,
			);
			sourceTree = "<group>";
		};
		326EC0A51963356F00087EBD /* Products */ = {
			isa = PBXGroup;
			children = (
				326EC0A41963356F00087EBD /* Find My Yogi.app */,
				326EC0CB1963357000087EBD /* Find My YogiTests.xctest */,
			);
			name = Products;
			sourceTree = "<group>";
		};
		326EC0A61963356F00087EBD /* Frameworks */ = {
			isa = PBXGroup;
			children = (
				43A0783F196D1CF000E56B57 /* AdSupport.framework */,
				43A0783D196D1CE200E56B57 /* FacebookSDK.framework */,
				43ADD593196CF7CD00176A49 /* AWSDynamoDB.framework */,
				43ADD594196CF7CD00176A49 /* AWSPersistence.framework */,
				43ADD595196CF7CD00176A49 /* AWSRuntime.framework */,
				43ADD596196CF7CD00176A49 /* AWSSecurityTokenService.framework */,
				4355FC4C196B36C20059F0C7 /* libsqlite3.0.dylib */,
				4355FC46196B32350059F0C7 /* CoreData.framework */,
				326EC0A71963356F00087EBD /* Foundation.framework */,
				326EC0A91963356F00087EBD /* CoreGraphics.framework */,
				326EC0AB1963356F00087EBD /* UIKit.framework */,
				326EC0CC1963357000087EBD /* XCTest.framework */,
			);
			name = Frameworks;
			sourceTree = "<group>";
		};
		326EC0AD1963356F00087EBD /* Find My Yogi */ = {
			isa = PBXGroup;
			children = (
				326EC0E41963645300087EBD /* Tools.h */,
				326EC0E51963645300087EBD /* Tools.m */,
				326EC0B61963356F00087EBD /* AppDelegate.h */,
				326EC0B71963356F00087EBD /* AppDelegate.m */,
				326EC0B91963357000087EBD /* Main_iPhone.storyboard */,
				326EC0BC1963357000087EBD /* Main_iPad.storyboard */,
				43ADD5A2196D072C00176A49 /* SigninViewController.h */,
				43ADD5A3196D072C00176A49 /* SigninViewController.m */,
				326EC0BF1963357000087EBD /* MasterFeedController.h */,
				326EC0C01963357000087EBD /* MasterFeedController.m */,
				326EC0C21963357000087EBD /* YogiViewController.h */,
				326EC0C31963357000087EBD /* YogiViewController.m */,
				326EC0E71963712F00087EBD /* UserFeedCell.h */,
				326EC0E81963712F00087EBD /* UserFeedCell.m */,
				32823347197206EE00717E9B /* PostsCell.h */,
				32823348197206EE00717E9B /* PostsCell.m */,
				32DF00B51971C66100F116DE /* CalendarTableViewController.h */,
				32DF00B61971C66100F116DE /* CalendarTableViewController.m */,
				326EC0C51963357000087EBD /* Images.xcassets */,
				326EC0EF19661DE400087EBD /* Model */,
				326EC0AE1963356F00087EBD /* Supporting Files */,
			);
			path = "Find My Yogi";
			sourceTree = "<group>";
		};
		326EC0AE1963356F00087EBD /* Supporting Files */ = {
			isa = PBXGroup;
			children = (
				326EC0AF1963356F00087EBD /* Find My Yogi-Info.plist */,
				326EC0B01963356F00087EBD /* InfoPlist.strings */,
				326EC0B31963356F00087EBD /* main.m */,
				326EC0B51963356F00087EBD /* Find My Yogi-Prefix.pch */,
				326EC0E219634E3000087EBD /* Jeff.jpg */,
				326EC0EA196379F100087EBD /* thumbs_up.png */,
				326EC0F0196759F200087EBD /* Lizzie.jpg */,
				326EC0F1196759F200087EBD /* Joaquin.jpg */,
				326EC0F2196759F200087EBD /* Jeff_FB.jpg */,
				3267FD06196B4F50003060FC /* person icon-44.png */,
				3267FD0A196C87C6003060FC /* person icon-44b.png */,
				3267FD04196B4D83003060FC /* person icon-512.png */,
				3267FD08196BADC2003060FC /* Instagram Logo.png */,
			);
			name = "Supporting Files";
			sourceTree = "<group>";
		};
		326EC0D21963357000087EBD /* Find My YogiTests */ = {
			isa = PBXGroup;
			children = (
				326EC0D81963357000087EBD /* Find_My_YogiTests.m */,
				326EC0D31963357000087EBD /* Supporting Files */,
			);
			path = "Find My YogiTests";
			sourceTree = "<group>";
		};
		326EC0D31963357000087EBD /* Supporting Files */ = {
			isa = PBXGroup;
			children = (
				326EC0D41963357000087EBD /* Find My YogiTests-Info.plist */,
				326EC0D51963357000087EBD /* InfoPlist.strings */,
			);
			name = "Supporting Files";
			sourceTree = "<group>";
		};
		326EC0EF19661DE400087EBD /* Model */ = {
			isa = PBXGroup;
			children = (
				326EC0EC19661DD300087EBD /* UserFeedItem.h */,
				326EC0ED19661DD300087EBD /* UserFeedItem.m */,
			);
			name = Model;
			sourceTree = "<group>";
		};
		4355FBEA196B10FA0059F0C7 /* AWS Store */ = {
			isa = PBXGroup;
			children = (
				4355FBFD196B11180059F0C7 /* TVM */,
				4355FBEB196B11130059F0C7 /* AWSPersistenceDynamoDBIncrementalStore.h */,
				4355FBEC196B11130059F0C7 /* AWSPersistenceDynamoDBIncrementalStore.m */,
				4355FBED196B11130059F0C7 /* AmazonWIFKeyChainWrapper.h */,
				4355FBEE196B11130059F0C7 /* AmazonWIFKeyChainWrapper.m */,
				4355FBEF196B11130059F0C7 /* AmazonAnonymousKeyChainWrapper.h */,
				4355FBF0196B11130059F0C7 /* AmazonAnonymousKeyChainWrapper.m */,
				4355FBF1196B11130059F0C7 /* AmazonClientManager.h */,
				4355FBF2196B11130059F0C7 /* AmazonClientManager.m */,
				4355FBF3196B11130059F0C7 /* Constants.h */,
				4355FBF4196B11130059F0C7 /* Constants.m */,
				4355FBF5196B11130059F0C7 /* Utilities.h */,
				4355FBF6196B11130059F0C7 /* Utilities.m */,
			);
			name = "AWS Store";
			sourceTree = "<group>";
		};
		4355FBFD196B11180059F0C7 /* TVM */ = {
			isa = PBXGroup;
			children = (
				4355FBFE196B11260059F0C7 /* AmazonTVMClient.h */,
				4355FBFF196B11260059F0C7 /* AmazonTVMClient.m */,
				4355FC00196B11260059F0C7 /* Crypto.h */,
				4355FC01196B11260059F0C7 /* Crypto.m */,
				4355FC02196B11260059F0C7 /* GetTokenRequest.h */,
				4355FC03196B11260059F0C7 /* GetTokenRequest.m */,
				4355FC04196B11260059F0C7 /* GetTokenResponse.h */,
				4355FC05196B11260059F0C7 /* GetTokenResponse.m */,
				4355FC06196B11260059F0C7 /* GetTokenResponseHandler.h */,
				4355FC07196B11260059F0C7 /* GetTokenResponseHandler.m */,
				4355FC08196B11260059F0C7 /* JSONUtilities.h */,
				4355FC09196B11260059F0C7 /* JSONUtilities.m */,
				4355FC0A196B11260059F0C7 /* RegisterDeviceRequest.h */,
				4355FC0B196B11260059F0C7 /* RegisterDeviceRequest.m */,
				4355FC0C196B11260059F0C7 /* Request.h */,
				4355FC0D196B11260059F0C7 /* Request.m */,
				4355FC0E196B11260059F0C7 /* RequestDelegate.h */,
				4355FC0F196B11260059F0C7 /* RequestDelegate.m */,
				4355FC10196B11260059F0C7 /* Response.h */,
				4355FC11196B11260059F0C7 /* Response.m */,
				4355FC12196B11260059F0C7 /* ResponseHandler.h */,
				4355FC13196B11260059F0C7 /* ResponseHandler.m */,
			);
			name = TVM;
			sourceTree = "<group>";
		};
		4355FC1F196B19200059F0C7 /* CoreData */ = {
			isa = PBXGroup;
			children = (
				43A07841196E4C3000E56B57 /* DataManager.h */,
				43A07842196E4C3000E56B57 /* DataManager.m */,
				4355FC20196B195A0059F0C7 /* Model.xcdatamodeld */,
				4372C30519756FBB00D1E188 /* YogiLocation.h */,
				4372C30619756FBB00D1E188 /* YogiLocation.m */,
				4372C30219756FBB00D1E188 /* YogiUser.h */,
				4372C30319756FBB00D1E188 /* YogiUser.m */,
				4372C2FF19756FBB00D1E188 /* YogiFollower.h */,
				4372C30019756FBB00D1E188 /* YogiFollower.m */,
				4372C2FC19756FBB00D1E188 /* YogiEvent.h */,
				4372C2FD19756FBB00D1E188 /* YogiEvent.m */,
				4372C2F919756FBB00D1E188 /* YogiPost.h */,
				4372C2FA19756FBB00D1E188 /* YogiPost.m */,
				4372C2F619756FBB00D1E188 /* YogiVenue.h */,
				4372C2F719756FBB00D1E188 /* YogiVenue.m */,
				4372C2F319756FBA00D1E188 /* YogiOm.h */,
				4372C2F419756FBA00D1E188 /* YogiOm.m */,
				43A0786E196E5A5100E56B57 /* YogiVenues.h */,
				43A0786F196E5A5100E56B57 /* YogiVenues.m */,
			);
			name = CoreData;
			sourceTree = "<group>";
		};
/* End PBXGroup section */

/* Begin PBXNativeTarget section */
		326EC0A31963356F00087EBD /* Find My Yogi */ = {
			isa = PBXNativeTarget;
			buildConfigurationList = 326EC0DC1963357000087EBD /* Build configuration list for PBXNativeTarget "Find My Yogi" */;
			buildPhases = (
				326EC0A01963356F00087EBD /* Sources */,
				326EC0A11963356F00087EBD /* Frameworks */,
				326EC0A21963356F00087EBD /* Resources */,
			);
			buildRules = (
			);
			dependencies = (
			);
			name = "Find My Yogi";
			productName = "Find My Yogi";
			productReference = 326EC0A41963356F00087EBD /* Find My Yogi.app */;
			productType = "com.apple.product-type.application";
		};
		326EC0CA1963357000087EBD /* Find My YogiTests */ = {
			isa = PBXNativeTarget;
			buildConfigurationList = 326EC0DF1963357000087EBD /* Build configuration list for PBXNativeTarget "Find My YogiTests" */;
			buildPhases = (
				326EC0C71963357000087EBD /* Sources */,
				326EC0C81963357000087EBD /* Frameworks */,
				326EC0C91963357000087EBD /* Resources */,
			);
			buildRules = (
			);
			dependencies = (
				326EC0D11963357000087EBD /* PBXTargetDependency */,
			);
			name = "Find My YogiTests";
			productName = "Find My YogiTests";
			productReference = 326EC0CB1963357000087EBD /* Find My YogiTests.xctest */;
			productType = "com.apple.product-type.bundle.unit-test";
		};
/* End PBXNativeTarget section */

/* Begin PBXProject section */
		326EC09C1963356F00087EBD /* Project object */ = {
			isa = PBXProject;
			attributes = {
				LastUpgradeCheck = 0510;
				ORGANIZATIONNAME = "Joaquin Brown";
				TargetAttributes = {
					326EC0CA1963357000087EBD = {
						TestTargetID = 326EC0A31963356F00087EBD;
					};
				};
			};
			buildConfigurationList = 326EC09F1963356F00087EBD /* Build configuration list for PBXProject "Find My Yogi" */;
			compatibilityVersion = "Xcode 3.2";
			developmentRegion = English;
			hasScannedForEncodings = 0;
			knownRegions = (
				en,
				Base,
			);
			mainGroup = 326EC09B1963356F00087EBD;
			productRefGroup = 326EC0A51963356F00087EBD /* Products */;
			projectDirPath = "";
			projectRoot = "";
			targets = (
				326EC0A31963356F00087EBD /* Find My Yogi */,
				326EC0CA1963357000087EBD /* Find My YogiTests */,
			);
		};
/* End PBXProject section */

/* Begin PBXResourcesBuildPhase section */
		326EC0A21963356F00087EBD /* Resources */ = {
			isa = PBXResourcesBuildPhase;
			buildActionMask = 2147483647;
			files = (
				3267FD0B196C87C6003060FC /* person icon-44b.png in Resources */,
				326EC0E319634E3000087EBD /* Jeff.jpg in Resources */,
				3267FD05196B4D83003060FC /* person icon-512.png in Resources */,
				326EC0F4196759F200087EBD /* Joaquin.jpg in Resources */,
				326EC0BE1963357000087EBD /* Main_iPad.storyboard in Resources */,
				3267FD09196BADC2003060FC /* Instagram Logo.png in Resources */,
				326EC0C61963357000087EBD /* Images.xcassets in Resources */,
				326EC0F5196759F200087EBD /* Jeff_FB.jpg in Resources */,
				326EC0F3196759F200087EBD /* Lizzie.jpg in Resources */,
				326EC0BB1963357000087EBD /* Main_iPhone.storyboard in Resources */,
				3267FD07196B4F50003060FC /* person icon-44.png in Resources */,
				326EC0B21963356F00087EBD /* InfoPlist.strings in Resources */,
				326EC0EB196379F100087EBD /* thumbs_up.png in Resources */,
			);
			runOnlyForDeploymentPostprocessing = 0;
		};
		326EC0C91963357000087EBD /* Resources */ = {
			isa = PBXResourcesBuildPhase;
			buildActionMask = 2147483647;
			files = (
				326EC0D71963357000087EBD /* InfoPlist.strings in Resources */,
			);
			runOnlyForDeploymentPostprocessing = 0;
		};
/* End PBXResourcesBuildPhase section */

/* Begin PBXSourcesBuildPhase section */
		326EC0A01963356F00087EBD /* Sources */ = {
			isa = PBXSourcesBuildPhase;
			buildActionMask = 2147483647;
			files = (
				4355FBF7196B11130059F0C7 /* AWSPersistenceDynamoDBIncrementalStore.m in Sources */,
				4355FC1E196B11260059F0C7 /* ResponseHandler.m in Sources */,
				326EC0B81963356F00087EBD /* AppDelegate.m in Sources */,
				326EC0E61963645300087EBD /* Tools.m in Sources */,
				4355FBFA196B11130059F0C7 /* AmazonClientManager.m in Sources */,
				4355FC1D196B11260059F0C7 /* Response.m in Sources */,
				4372C30719756FBB00D1E188 /* YogiLocation.m in Sources */,
				326EC0C11963357000087EBD /* MasterFeedController.m in Sources */,
				4355FC19196B11260059F0C7 /* JSONUtilities.m in Sources */,
				4355FBF9196B11130059F0C7 /* AmazonAnonymousKeyChainWrapper.m in Sources */,
				4355FC18196B11260059F0C7 /* GetTokenResponseHandler.m in Sources */,
				4355FC16196B11260059F0C7 /* GetTokenRequest.m in Sources */,
				4355FC14196B11260059F0C7 /* AmazonTVMClient.m in Sources */,
				4355FC1C196B11260059F0C7 /* RequestDelegate.m in Sources */,
				32823349197206EE00717E9B /* PostsCell.m in Sources */,
				326EC0B41963356F00087EBD /* main.m in Sources */,
				4372C30419756FBB00D1E188 /* YogiUser.m in Sources */,
				326EC0C41963357000087EBD /* YogiViewController.m in Sources */,
				4355FC17196B11260059F0C7 /* GetTokenResponse.m in Sources */,
				4372C2F819756FBB00D1E188 /* YogiVenue.m in Sources */,
				326EC0E91963712F00087EBD /* UserFeedCell.m in Sources */,
				43A07843196E4C3000E56B57 /* DataManager.m in Sources */,
				4355FC15196B11260059F0C7 /* Crypto.m in Sources */,
				4372C2F519756FBA00D1E188 /* YogiOm.m in Sources */,
				326EC0EE19661DD300087EBD /* UserFeedItem.m in Sources */,
				4355FC1A196B11260059F0C7 /* RegisterDeviceRequest.m in Sources */,
				4355FBF8196B11130059F0C7 /* AmazonWIFKeyChainWrapper.m in Sources */,
				4372C30119756FBB00D1E188 /* YogiFollower.m in Sources */,
				4372C2FE19756FBB00D1E188 /* YogiEvent.m in Sources */,
				4372C2FB19756FBB00D1E188 /* YogiPost.m in Sources */,
				32DF00B71971C66100F116DE /* CalendarTableViewController.m in Sources */,
				4355FBFC196B11130059F0C7 /* Utilities.m in Sources */,
				4355FC22196B195A0059F0C7 /* Model.xcdatamodeld in Sources */,
				4355FBFB196B11130059F0C7 /* Constants.m in Sources */,
				43A07870196E5A5100E56B57 /* YogiVenues.m in Sources */,
				4355FC1B196B11260059F0C7 /* Request.m in Sources */,
				43ADD5A4196D072C00176A49 /* SigninViewController.m in Sources */,
			);
			runOnlyForDeploymentPostprocessing = 0;
		};
		326EC0C71963357000087EBD /* Sources */ = {
			isa = PBXSourcesBuildPhase;
			buildActionMask = 2147483647;
			files = (
				326EC0D91963357000087EBD /* Find_My_YogiTests.m in Sources */,
			);
			runOnlyForDeploymentPostprocessing = 0;
		};
/* End PBXSourcesBuildPhase section */

/* Begin PBXTargetDependency section */
		326EC0D11963357000087EBD /* PBXTargetDependency */ = {
			isa = PBXTargetDependency;
			target = 326EC0A31963356F00087EBD /* Find My Yogi */;
			targetProxy = 326EC0D01963357000087EBD /* PBXContainerItemProxy */;
		};
/* End PBXTargetDependency section */

/* Begin PBXVariantGroup section */
		326EC0B01963356F00087EBD /* InfoPlist.strings */ = {
			isa = PBXVariantGroup;
			children = (
				326EC0B11963356F00087EBD /* en */,
			);
			name = InfoPlist.strings;
			sourceTree = "<group>";
		};
		326EC0B91963357000087EBD /* Main_iPhone.storyboard */ = {
			isa = PBXVariantGroup;
			children = (
				326EC0BA1963357000087EBD /* Base */,
			);
			name = Main_iPhone.storyboard;
			sourceTree = "<group>";
		};
		326EC0BC1963357000087EBD /* Main_iPad.storyboard */ = {
			isa = PBXVariantGroup;
			children = (
				326EC0BD1963357000087EBD /* Base */,
			);
			name = Main_iPad.storyboard;
			sourceTree = "<group>";
		};
		326EC0D51963357000087EBD /* InfoPlist.strings */ = {
			isa = PBXVariantGroup;
			children = (
				326EC0D61963357000087EBD /* en */,
			);
			name = InfoPlist.strings;
			sourceTree = "<group>";
		};
/* End PBXVariantGroup section */

/* Begin XCBuildConfiguration section */
		326EC0DA1963357000087EBD /* Debug */ = {
			isa = XCBuildConfiguration;
			buildSettings = {
				ALWAYS_SEARCH_USER_PATHS = NO;
				CLANG_CXX_LANGUAGE_STANDARD = "gnu++0x";
				CLANG_CXX_LIBRARY = "libc++";
				CLANG_ENABLE_MODULES = YES;
				CLANG_ENABLE_OBJC_ARC = YES;
				CLANG_WARN_BOOL_CONVERSION = YES;
				CLANG_WARN_CONSTANT_CONVERSION = YES;
				CLANG_WARN_DIRECT_OBJC_ISA_USAGE = YES_ERROR;
				CLANG_WARN_EMPTY_BODY = YES;
				CLANG_WARN_ENUM_CONVERSION = YES;
				CLANG_WARN_INT_CONVERSION = YES;
				CLANG_WARN_OBJC_ROOT_CLASS = YES_ERROR;
				CLANG_WARN__DUPLICATE_METHOD_MATCH = YES;
				"CODE_SIGN_IDENTITY[sdk=iphoneos*]" = "iPhone Developer";
				COPY_PHASE_STRIP = NO;
				GCC_C_LANGUAGE_STANDARD = gnu99;
				GCC_DYNAMIC_NO_PIC = NO;
				GCC_OPTIMIZATION_LEVEL = 0;
				GCC_PREPROCESSOR_DEFINITIONS = (
					"DEBUG=1",
					"$(inherited)",
				);
				GCC_SYMBOLS_PRIVATE_EXTERN = NO;
				GCC_WARN_64_TO_32_BIT_CONVERSION = YES;
				GCC_WARN_ABOUT_RETURN_TYPE = YES_ERROR;
				GCC_WARN_UNDECLARED_SELECTOR = YES;
				GCC_WARN_UNINITIALIZED_AUTOS = YES_AGGRESSIVE;
				GCC_WARN_UNUSED_FUNCTION = YES;
				GCC_WARN_UNUSED_VARIABLE = YES;
				IPHONEOS_DEPLOYMENT_TARGET = 7.1;
				ONLY_ACTIVE_ARCH = YES;
				SDKROOT = iphoneos;
				TARGETED_DEVICE_FAMILY = "1,2";
			};
			name = Debug;
		};
		326EC0DB1963357000087EBD /* Release */ = {
			isa = XCBuildConfiguration;
			buildSettings = {
				ALWAYS_SEARCH_USER_PATHS = NO;
				CLANG_CXX_LANGUAGE_STANDARD = "gnu++0x";
				CLANG_CXX_LIBRARY = "libc++";
				CLANG_ENABLE_MODULES = YES;
				CLANG_ENABLE_OBJC_ARC = YES;
				CLANG_WARN_BOOL_CONVERSION = YES;
				CLANG_WARN_CONSTANT_CONVERSION = YES;
				CLANG_WARN_DIRECT_OBJC_ISA_USAGE = YES_ERROR;
				CLANG_WARN_EMPTY_BODY = YES;
				CLANG_WARN_ENUM_CONVERSION = YES;
				CLANG_WARN_INT_CONVERSION = YES;
				CLANG_WARN_OBJC_ROOT_CLASS = YES_ERROR;
				CLANG_WARN__DUPLICATE_METHOD_MATCH = YES;
				"CODE_SIGN_IDENTITY[sdk=iphoneos*]" = "iPhone Developer";
				COPY_PHASE_STRIP = YES;
				ENABLE_NS_ASSERTIONS = NO;
				GCC_C_LANGUAGE_STANDARD = gnu99;
				GCC_WARN_64_TO_32_BIT_CONVERSION = YES;
				GCC_WARN_ABOUT_RETURN_TYPE = YES_ERROR;
				GCC_WARN_UNDECLARED_SELECTOR = YES;
				GCC_WARN_UNINITIALIZED_AUTOS = YES_AGGRESSIVE;
				GCC_WARN_UNUSED_FUNCTION = YES;
				GCC_WARN_UNUSED_VARIABLE = YES;
				IPHONEOS_DEPLOYMENT_TARGET = 7.1;
				SDKROOT = iphoneos;
				TARGETED_DEVICE_FAMILY = "1,2";
				VALIDATE_PRODUCT = YES;
			};
			name = Release;
		};
		326EC0DD1963357000087EBD /* Debug */ = {
			isa = XCBuildConfiguration;
			buildSettings = {
				ASSETCATALOG_COMPILER_APPICON_NAME = AppIcon;
				ASSETCATALOG_COMPILER_LAUNCHIMAGE_NAME = LaunchImage;
				FRAMEWORK_SEARCH_PATHS = (
					"$(inherited)",
					"$(PROJECT_DIR)",
				);
				GCC_PRECOMPILE_PREFIX_HEADER = YES;
				GCC_PREFIX_HEADER = "Find My Yogi/Find My Yogi-Prefix.pch";
				INFOPLIST_FILE = "Find My Yogi/Find My Yogi-Info.plist";
				OTHER_LDFLAGS = "";
				PRODUCT_NAME = "$(TARGET_NAME)";
				WRAPPER_EXTENSION = app;
			};
			name = Debug;
		};
		326EC0DE1963357000087EBD /* Release */ = {
			isa = XCBuildConfiguration;
			buildSettings = {
				ASSETCATALOG_COMPILER_APPICON_NAME = AppIcon;
				ASSETCATALOG_COMPILER_LAUNCHIMAGE_NAME = LaunchImage;
				FRAMEWORK_SEARCH_PATHS = (
					"$(inherited)",
					"$(PROJECT_DIR)",
				);
				GCC_PRECOMPILE_PREFIX_HEADER = YES;
				GCC_PREFIX_HEADER = "Find My Yogi/Find My Yogi-Prefix.pch";
				INFOPLIST_FILE = "Find My Yogi/Find My Yogi-Info.plist";
				OTHER_LDFLAGS = "";
				PRODUCT_NAME = "$(TARGET_NAME)";
				WRAPPER_EXTENSION = app;
			};
			name = Release;
		};
		326EC0E01963357000087EBD /* Debug */ = {
			isa = XCBuildConfiguration;
			buildSettings = {
				BUNDLE_LOADER = "$(BUILT_PRODUCTS_DIR)/Find My Yogi.app/Find My Yogi";
				FRAMEWORK_SEARCH_PATHS = (
					"$(SDKROOT)/Developer/Library/Frameworks",
					"$(inherited)",
					"$(DEVELOPER_FRAMEWORKS_DIR)",
				);
				GCC_PRECOMPILE_PREFIX_HEADER = YES;
				GCC_PREFIX_HEADER = "Find My Yogi/Find My Yogi-Prefix.pch";
				GCC_PREPROCESSOR_DEFINITIONS = (
					"DEBUG=1",
					"$(inherited)",
				);
				INFOPLIST_FILE = "Find My YogiTests/Find My YogiTests-Info.plist";
				PRODUCT_NAME = "$(TARGET_NAME)";
				TEST_HOST = "$(BUNDLE_LOADER)";
				WRAPPER_EXTENSION = xctest;
			};
			name = Debug;
		};
		326EC0E11963357000087EBD /* Release */ = {
			isa = XCBuildConfiguration;
			buildSettings = {
				BUNDLE_LOADER = "$(BUILT_PRODUCTS_DIR)/Find My Yogi.app/Find My Yogi";
				FRAMEWORK_SEARCH_PATHS = (
					"$(SDKROOT)/Developer/Library/Frameworks",
					"$(inherited)",
					"$(DEVELOPER_FRAMEWORKS_DIR)",
				);
				GCC_PRECOMPILE_PREFIX_HEADER = YES;
				GCC_PREFIX_HEADER = "Find My Yogi/Find My Yogi-Prefix.pch";
				INFOPLIST_FILE = "Find My YogiTests/Find My YogiTests-Info.plist";
				PRODUCT_NAME = "$(TARGET_NAME)";
				TEST_HOST = "$(BUNDLE_LOADER)";
				WRAPPER_EXTENSION = xctest;
			};
			name = Release;
		};
/* End XCBuildConfiguration section */

/* Begin XCConfigurationList section */
		326EC09F1963356F00087EBD /* Build configuration list for PBXProject "Find My Yogi" */ = {
			isa = XCConfigurationList;
			buildConfigurations = (
				326EC0DA1963357000087EBD /* Debug */,
				326EC0DB1963357000087EBD /* Release */,
			);
			defaultConfigurationIsVisible = 0;
			defaultConfigurationName = Release;
		};
		326EC0DC1963357000087EBD /* Build configuration list for PBXNativeTarget "Find My Yogi" */ = {
			isa = XCConfigurationList;
			buildConfigurations = (
				326EC0DD1963357000087EBD /* Debug */,
				326EC0DE1963357000087EBD /* Release */,
			);
			defaultConfigurationIsVisible = 0;
			defaultConfigurationName = Release;
		};
		326EC0DF1963357000087EBD /* Build configuration list for PBXNativeTarget "Find My YogiTests" */ = {
			isa = XCConfigurationList;
			buildConfigurations = (
				326EC0E01963357000087EBD /* Debug */,
				326EC0E11963357000087EBD /* Release */,
			);
			defaultConfigurationIsVisible = 0;
			defaultConfigurationName = Release;
		};
/* End XCConfigurationList section */

/* Begin XCVersionGroup section */
		4355FC20196B195A0059F0C7 /* Model.xcdatamodeld */ = {
			isa = XCVersionGroup;
			children = (
				4355FC21196B195A0059F0C7 /* Model.xcdatamodel */,
			);
			currentVersion = 4355FC21196B195A0059F0C7 /* Model.xcdatamodel */;
			path = Model.xcdatamodeld;
			sourceTree = "<group>";
			versionGroupType = wrapper.xcdatamodel;
		};
/* End XCVersionGroup section */
	};
	rootObject = 326EC09C1963356F00087EBD /* Project object */;
}
